
Microsoft Visual Studio Solution File, Format Version 12.00
Project("{FAE04EC0-301F-11D3-BF4B-00C04F79EFBC}") = "ScariaContaminationPatch", "ScariaContaminationPatch.csproj", "{B88F738D-60FC-4D39-A5E9-5459C1D5A86B}"
EndProject
Global
	GlobalSection(SolutionConfigurationPlatforms) = preSolution
		Debug|Any CPU = Debug|Any CPU
		Release|Any CPU = Release|Any CPU
	EndGlobalSection
	GlobalSection(ProjectConfigurationPlatforms) = postSolution
		{B88F738D-60FC-4D39-A5E9-5459C1D5A86B}.Debug|Any CPU.ActiveCfg = Debug|Any CPU
		{B88F738D-60FC-4D39-A5E9-5459C1D5A86B}.Debug|Any CPU.Build.0 = Debug|Any CPU
		{B88F738D-60FC-4D39-A5E9-5459C1D5A86B}.Release|Any CPU.ActiveCfg = Release|Any CPU
		{B88F738D-60FC-4D39-A5E9-5459C1D5A86B}.Release|Any CPU.Build.0 = Release|Any CPU
	EndGlobalSection
EndGlobal
